
Microsoft Visual Studio Solution File, Format Version 12.00
# Visual Studio Version 16
VisualStudioVersion = 16.0.31410.357
MinimumVisualStudioVersion = 10.0.40219.1
Project("{9A19103F-16F7-4668-BE54-9A1E7A4F7556}") = "Crypton.CrystalFontz.CF735", "Crypton.CrystalFontz.CF735.csproj", "{C5AF2326-204C-4033-896F-E961DD8792E8}"
EndProject
Project("{FAE04EC0-301F-11D3-BF4B-00C04F79EFBC}") = "HelloWorld", "..\HelloWorld\HelloWorld.csproj", "{2B3DB0FF-DE5D-4CC2-956B-F7F9FBDA3EB5}"
EndProject
Global
	GlobalSection(SolutionConfigurationPlatforms) = preSolution
		Debug|Any CPU = Debug|Any CPU
		Release|Any CPU = Release|Any CPU
	EndGlobalSection
	GlobalSection(ProjectConfigurationPlatforms) = postSolution
		{C5AF2326-204C-4033-896F-E961DD8792E8}.Debug|Any CPU.ActiveCfg = Debug|Any CPU
		{C5AF2326-204C-4033-896F-E961DD8792E8}.Debug|Any CPU.Build.0 = Debug|Any CPU
		{C5AF2326-204C-4033-896F-E961DD8792E8}.Release|Any CPU.ActiveCfg = Release|Any CPU
		{C5AF2326-204C-4033-896F-E961DD8792E8}.Release|Any CPU.Build.0 = Release|Any CPU
		{2B3DB0FF-DE5D-4CC2-956B-F7F9FBDA3EB5}.Debug|Any CPU.ActiveCfg = Debug|Any CPU
		{2B3DB0FF-DE5D-4CC2-956B-F7F9FBDA3EB5}.Debug|Any CPU.Build.0 = Debug|Any CPU
		{2B3DB0FF-DE5D-4CC2-956B-F7F9FBDA3EB5}.Release|Any CPU.ActiveCfg = Release|Any CPU
		{2B3DB0FF-DE5D-4CC2-956B-F7F9FBDA3EB5}.Release|Any CPU.Build.0 = Release|Any CPU
	EndGlobalSection
	GlobalSection(SolutionProperties) = preSolution
		HideSolutionNode = FALSE
	EndGlobalSection
	GlobalSection(ExtensibilityGlobals) = postSolution
		SolutionGuid = {EBED607E-A9F6-4F9F-8208-7B8B18C68528}
	EndGlobalSection
EndGlobal
